
Microsoft Visual Studio Solution File, Format Version 12.00
# Visual Studio 15
Project("{FAE04EC0-301F-11D3-BF4B-00C04F79EFBC}") = "Assembly-CSharp", "Assembly-CSharp.csproj", "{CFB7D122-A513-C55B-6D0F-22C9B8CD389F}"
EndProject
Project("{FAE04EC0-301F-11D3-BF4B-00C04F79EFBC}") = "PlayFab", "PlayFab.csproj", "{3B2A6D8A-92EF-906D-2C2C-ABA66266D2FE}"
EndProject
Project("{FAE04EC0-301F-11D3-BF4B-00C04F79EFBC}") = "PlayFabEditorExtensions", "PlayFabEditorExtensions.csproj", "{C1A8BF1F-8725-47B5-4205-7AFD4C8C855F}"
EndProject
Project("{FAE04EC0-301F-11D3-BF4B-00C04F79EFBC}") = "PlayFabSDKEditor", "PlayFabSDKEditor.csproj", "{1CCA6618-1A36-9B13-E7BF-BFEFB134D2B6}"
EndProject
Global
	GlobalSection(SolutionConfigurationPlatforms) = preSolution
		Debug|Any CPU = Debug|Any CPU
		Release|Any CPU = Release|Any CPU
	EndGlobalSection
	GlobalSection(ProjectConfigurationPlatforms) = postSolution
		{CFB7D122-A513-C55B-6D0F-22C9B8CD389F}.Debug|Any CPU.ActiveCfg = Debug|Any CPU
		{CFB7D122-A513-C55B-6D0F-22C9B8CD389F}.Debug|Any CPU.Build.0 = Debug|Any CPU
		{CFB7D122-A513-C55B-6D0F-22C9B8CD389F}.Release|Any CPU.ActiveCfg = Release|Any CPU
		{CFB7D122-A513-C55B-6D0F-22C9B8CD389F}.Release|Any CPU.Build.0 = Release|Any CPU
		{3B2A6D8A-92EF-906D-2C2C-ABA66266D2FE}.Debug|Any CPU.ActiveCfg = Debug|Any CPU
		{3B2A6D8A-92EF-906D-2C2C-ABA66266D2FE}.Debug|Any CPU.Build.0 = Debug|Any CPU
		{3B2A6D8A-92EF-906D-2C2C-ABA66266D2FE}.Release|Any CPU.ActiveCfg = Release|Any CPU
		{3B2A6D8A-92EF-906D-2C2C-ABA66266D2FE}.Release|Any CPU.Build.0 = Release|Any CPU
		{C1A8BF1F-8725-47B5-4205-7AFD4C8C855F}.Debug|Any CPU.ActiveCfg = Debug|Any CPU
		{C1A8BF1F-8725-47B5-4205-7AFD4C8C855F}.Debug|Any CPU.Build.0 = Debug|Any CPU
		{C1A8BF1F-8725-47B5-4205-7AFD4C8C855F}.Release|Any CPU.ActiveCfg = Release|Any CPU
		{C1A8BF1F-8725-47B5-4205-7AFD4C8C855F}.Release|Any CPU.Build.0 = Release|Any CPU
		{1CCA6618-1A36-9B13-E7BF-BFEFB134D2B6}.Debug|Any CPU.ActiveCfg = Debug|Any CPU
		{1CCA6618-1A36-9B13-E7BF-BFEFB134D2B6}.Debug|Any CPU.Build.0 = Debug|Any CPU
		{1CCA6618-1A36-9B13-E7BF-BFEFB134D2B6}.Release|Any CPU.ActiveCfg = Release|Any CPU
		{1CCA6618-1A36-9B13-E7BF-BFEFB134D2B6}.Release|Any CPU.Build.0 = Release|Any CPU
	EndGlobalSection
	GlobalSection(SolutionProperties) = preSolution
		HideSolutionNode = FALSE
	EndGlobalSection
EndGlobal
