
Microsoft Visual Studio Solution File, Format Version 12.00
# Visual Studio 15
Project("{FAE04EC0-301F-11D3-BF4B-00C04F79EFBC}") = "Assembly-CSharp", "Assembly-CSharp.csproj", "{DE650DB2-2DD0-89C1-C637-0799D48181C3}"
EndProject
Global
	GlobalSection(SolutionConfigurationPlatforms) = preSolution
		Debug|Any CPU = Debug|Any CPU
		Release|Any CPU = Release|Any CPU
	EndGlobalSection
	GlobalSection(ProjectConfigurationPlatforms) = postSolution
		{DE650DB2-2DD0-89C1-C637-0799D48181C3}.Debug|Any CPU.ActiveCfg = Debug|Any CPU
		{DE650DB2-2DD0-89C1-C637-0799D48181C3}.Debug|Any CPU.Build.0 = Debug|Any CPU
		{DE650DB2-2DD0-89C1-C637-0799D48181C3}.Release|Any CPU.ActiveCfg = Release|Any CPU
		{DE650DB2-2DD0-89C1-C637-0799D48181C3}.Release|Any CPU.Build.0 = Release|Any CPU
	EndGlobalSection
	GlobalSection(SolutionProperties) = preSolution
		HideSolutionNode = FALSE
	EndGlobalSection
EndGlobal
