
Microsoft Visual Studio Solution File, Format Version 12.00
# Visual Studio 15
Project("{FAE04EC0-301F-11D3-BF4B-00C04F79EFBC}") = "Assembly-CSharp", "Assembly-CSharp.csproj", "{6029B6F3-2115-7676-960B-1F6238D59859}"
EndProject
Project("{FAE04EC0-301F-11D3-BF4B-00C04F79EFBC}") = "PlayFab", "PlayFab.csproj", "{ED733522-E505-FA44-E156-7FE3872DD38E}"
EndProject
Project("{FAE04EC0-301F-11D3-BF4B-00C04F79EFBC}") = "PlayFabEditorExtensions", "PlayFabEditorExtensions.csproj", "{3D4F191B-707F-76F9-2DD3-8C5DB1633A95}"
EndProject
Project("{FAE04EC0-301F-11D3-BF4B-00C04F79EFBC}") = "PlayFabSDKEditor", "PlayFabSDKEditor.csproj", "{C30318E9-E202-58FA-442A-61751EEE5A15}"
EndProject
Global
	GlobalSection(SolutionConfigurationPlatforms) = preSolution
		Debug|Any CPU = Debug|Any CPU
		Release|Any CPU = Release|Any CPU
	EndGlobalSection
	GlobalSection(ProjectConfigurationPlatforms) = postSolution
		{6029B6F3-2115-7676-960B-1F6238D59859}.Debug|Any CPU.ActiveCfg = Debug|Any CPU
		{6029B6F3-2115-7676-960B-1F6238D59859}.Debug|Any CPU.Build.0 = Debug|Any CPU
		{6029B6F3-2115-7676-960B-1F6238D59859}.Release|Any CPU.ActiveCfg = Release|Any CPU
		{6029B6F3-2115-7676-960B-1F6238D59859}.Release|Any CPU.Build.0 = Release|Any CPU
		{ED733522-E505-FA44-E156-7FE3872DD38E}.Debug|Any CPU.ActiveCfg = Debug|Any CPU
		{ED733522-E505-FA44-E156-7FE3872DD38E}.Debug|Any CPU.Build.0 = Debug|Any CPU
		{ED733522-E505-FA44-E156-7FE3872DD38E}.Release|Any CPU.ActiveCfg = Release|Any CPU
		{ED733522-E505-FA44-E156-7FE3872DD38E}.Release|Any CPU.Build.0 = Release|Any CPU
		{3D4F191B-707F-76F9-2DD3-8C5DB1633A95}.Debug|Any CPU.ActiveCfg = Debug|Any CPU
		{3D4F191B-707F-76F9-2DD3-8C5DB1633A95}.Debug|Any CPU.Build.0 = Debug|Any CPU
		{3D4F191B-707F-76F9-2DD3-8C5DB1633A95}.Release|Any CPU.ActiveCfg = Release|Any CPU
		{3D4F191B-707F-76F9-2DD3-8C5DB1633A95}.Release|Any CPU.Build.0 = Release|Any CPU
		{C30318E9-E202-58FA-442A-61751EEE5A15}.Debug|Any CPU.ActiveCfg = Debug|Any CPU
		{C30318E9-E202-58FA-442A-61751EEE5A15}.Debug|Any CPU.Build.0 = Debug|Any CPU
		{C30318E9-E202-58FA-442A-61751EEE5A15}.Release|Any CPU.ActiveCfg = Release|Any CPU
		{C30318E9-E202-58FA-442A-61751EEE5A15}.Release|Any CPU.Build.0 = Release|Any CPU
	EndGlobalSection
	GlobalSection(SolutionProperties) = preSolution
		HideSolutionNode = FALSE
	EndGlobalSection
EndGlobal
